
Microsoft Visual Studio Solution File, Format Version 12.00
# Visual Studio Version 16
VisualStudioVersion = 16.0.29920.165
MinimumVisualStudioVersion = 10.0.40219.1
Project("{FAE04EC0-301F-11D3-BF4B-00C04F79EFBC}") = "Anagram Checker", "Anagram Checker\Anagram Checker.csproj", "{E6F67941-4BD1-4583-8E49-DA33D5E30C10}"
EndProject
Global
	GlobalSection(SolutionConfigurationPlatforms) = preSolution
		Debug|Any CPU = Debug|Any CPU
		Release|Any CPU = Release|Any CPU
	EndGlobalSection
	GlobalSection(ProjectConfigurationPlatforms) = postSolution
		{E6F67941-4BD1-4583-8E49-DA33D5E30C10}.Debug|Any CPU.ActiveCfg = Debug|Any CPU
		{E6F67941-4BD1-4583-8E49-DA33D5E30C10}.Debug|Any CPU.Build.0 = Debug|Any CPU
		{E6F67941-4BD1-4583-8E49-DA33D5E30C10}.Release|Any CPU.ActiveCfg = Release|Any CPU
		{E6F67941-4BD1-4583-8E49-DA33D5E30C10}.Release|Any CPU.Build.0 = Release|Any CPU
	EndGlobalSection
	GlobalSection(SolutionProperties) = preSolution
		HideSolutionNode = FALSE
	EndGlobalSection
	GlobalSection(ExtensibilityGlobals) = postSolution
		SolutionGuid = {F2A866B7-F553-40C0-B96B-8A5748B19140}
	EndGlobalSection
EndGlobal
